// !$*UTF8*$!
{
	archiveVersion = 1;
	classes = {
	};
	objectVersion = 46;
	objects = {

/* Begin PBXBuildFile section */
		6F69AA501BCC8C1F0092A7C8 /* AppDelegate.swift in Sources */ = {isa = PBXBuildFile; fileRef = 6F69AA4F1BCC8C1F0092A7C8 /* AppDelegate.swift */; };
		6F69AA521BCC8C1F0092A7C8 /* ViewController.swift in Sources */ = {isa = PBXBuildFile; fileRef = 6F69AA511BCC8C1F0092A7C8 /* ViewController.swift */; };
		6F69AA551BCC8C1F0092A7C8 /* Main.storyboard in Resources */ = {isa = PBXBuildFile; fileRef = 6F69AA531BCC8C1F0092A7C8 /* Main.storyboard */; };
		6F69AA571BCC8C1F0092A7C8 /* Assets.xcassets in Resources */ = {isa = PBXBuildFile; fileRef = 6F69AA561BCC8C1F0092A7C8 /* Assets.xcassets */; };
		6F69AA5A1BCC8C1F0092A7C8 /* LaunchScreen.storyboard in Resources */ = {isa = PBXBuildFile; fileRef = 6F69AA581BCC8C1F0092A7C8 /* LaunchScreen.storyboard */; };
		6F69AA651BCC8C1F0092A7C8 /* self_promotion_2Tests.swift in Sources */ = {isa = PBXBuildFile; fileRef = 6F69AA641BCC8C1F0092A7C8 /* self_promotion_2Tests.swift */; };
		6F69AA701BCC8C1F0092A7C8 /* self_promotion_2UITests.swift in Sources */ = {isa = PBXBuildFile; fileRef = 6F69AA6F1BCC8C1F0092A7C8 /* self_promotion_2UITests.swift */; };
		6F69AA7E1BCCD48B0092A7C8 /* SideMenu.swift in Sources */ = {isa = PBXBuildFile; fileRef = 6F69AA7D1BCCD48B0092A7C8 /* SideMenu.swift */; settings = {ASSET_TAGS = (); }; };
		6F69AA801BCCD4C10092A7C8 /* MenuTableViewController.swift in Sources */ = {isa = PBXBuildFile; fileRef = 6F69AA7F1BCCD4C10092A7C8 /* MenuTableViewController.swift */; settings = {ASSET_TAGS = (); }; };
/* End PBXBuildFile section */

/* Begin PBXContainerItemProxy section */
		6F69AA611BCC8C1F0092A7C8 /* PBXContainerItemProxy */ = {
			isa = PBXContainerItemProxy;
			containerPortal = 6F69AA441BCC8C1F0092A7C8 /* Project object */;
			proxyType = 1;
			remoteGlobalIDString = 6F69AA4B1BCC8C1F0092A7C8;
			remoteInfo = self_promotion_2;
		};
		6F69AA6C1BCC8C1F0092A7C8 /* PBXContainerItemProxy */ = {
			isa = PBXContainerItemProxy;
			containerPortal = 6F69AA441BCC8C1F0092A7C8 /* Project object */;
			proxyType = 1;
			remoteGlobalIDString = 6F69AA4B1BCC8C1F0092A7C8;
			remoteInfo = self_promotion_2;
		};
/* End PBXContainerItemProxy section */

/* Begin PBXFileReference section */
		6F69AA4C1BCC8C1F0092A7C8 /* self_promotion_2.app */ = {isa = PBXFileReference; explicitFileType = wrapper.application; includeInIndex = 0; path = self_promotion_2.app; sourceTree = BUILT_PRODUCTS_DIR; };
		6F69AA4F1BCC8C1F0092A7C8 /* AppDelegate.swift */ = {isa = PBXFileReference; lastKnownFileType = sourcecode.swift; path = AppDelegate.swift; sourceTree = "<group>"; };
		6F69AA511BCC8C1F0092A7C8 /* ViewController.swift */ = {isa = PBXFileReference; lastKnownFileType = sourcecode.swift; path = ViewController.swift; sourceTree = "<group>"; };
		6F69AA541BCC8C1F0092A7C8 /* Base */ = {isa = PBXFileReference; lastKnownFileType = file.storyboard; name = Base; path = Base.lproj/Main.storyboard; sourceTree = "<group>"; };
		6F69AA561BCC8C1F0092A7C8 /* Assets.xcassets */ = {isa = PBXFileReference; lastKnownFileType = folder.assetcatalog; path = Assets.xcassets; sourceTree = "<group>"; };
		6F69AA591BCC8C1F0092A7C8 /* Base */ = {isa = PBXFileReference; lastKnownFileType = file.storyboard; name = Base; path = Base.lproj/LaunchScreen.storyboard; sourceTree = "<group>"; };
		6F69AA5B1BCC8C1F0092A7C8 /* Info.plist */ = {isa = PBXFileReference; lastKnownFileType = text.plist.xml; path = Info.plist; sourceTree = "<group>"; };
		6F69AA601BCC8C1F0092A7C8 /* self_promotion_2Tests.xctest */ = {isa = PBXFileReference; explicitFileType = wrapper.cfbundle; includeInIndex = 0; path = self_promotion_2Tests.xctest; sourceTree = BUILT_PRODUCTS_DIR; };
		6F69AA641BCC8C1F0092A7C8 /* self_promotion_2Tests.swift */ = {isa = PBXFileReference; lastKnownFileType = sourcecode.swift; path = self_promotion_2Tests.swift; sourceTree = "<group>"; };
		6F69AA661BCC8C1F0092A7C8 /* Info.plist */ = {isa = PBXFileReference; lastKnownFileType = text.plist.xml; path = Info.plist; sourceTree = "<group>"; };
		6F69AA6B1BCC8C1F0092A7C8 /* self_promotion_2UITests.xctest */ = {isa = PBXFileReference; explicitFileType = wrapper.cfbundle; includeInIndex = 0; path = self_promotion_2UITests.xctest; sourceTree = BUILT_PRODUCTS_DIR; };
		6F69AA6F1BCC8C1F0092A7C8 /* self_promotion_2UITests.swift */ = {isa = PBXFileReference; lastKnownFileType = sourcecode.swift; path = self_promotion_2UITests.swift; sourceTree = "<group>"; };
		6F69AA711BCC8C1F0092A7C8 /* Info.plist */ = {isa = PBXFileReference; lastKnownFileType = text.plist.xml; path = Info.plist; sourceTree = "<group>"; };
		6F69AA7D1BCCD48B0092A7C8 /* SideMenu.swift */ = {isa = PBXFileReference; fileEncoding = 4; lastKnownFileType = sourcecode.swift; path = SideMenu.swift; sourceTree = "<group>"; };
		6F69AA7F1BCCD4C10092A7C8 /* MenuTableViewController.swift */ = {isa = PBXFileReference; fileEncoding = 4; lastKnownFileType = sourcecode.swift; path = MenuTableViewController.swift; sourceTree = "<group>"; };
/* End PBXFileReference section */

/* Begin PBXFrameworksBuildPhase section */
		6F69AA491BCC8C1F0092A7C8 /* Frameworks */ = {
			isa = PBXFrameworksBuildPhase;
			buildActionMask = 2147483647;
			files = (
			);
			runOnlyForDeploymentPostprocessing = 0;
		};
		6F69AA5D1BCC8C1F0092A7C8 /* Frameworks */ = {
			isa = PBXFrameworksBuildPhase;
			buildActionMask = 2147483647;
			files = (
			);
			runOnlyForDeploymentPostprocessing = 0;
		};
		6F69AA681BCC8C1F0092A7C8 /* Frameworks */ = {
			isa = PBXFrameworksBuildPhase;
			buildActionMask = 2147483647;
			files = (
			);
			runOnlyForDeploymentPostprocessing = 0;
		};
/* End PBXFrameworksBuildPhase section */

/* Begin PBXGroup section */
		6F69AA431BCC8C1F0092A7C8 = {
			isa = PBXGroup;
			children = (
				6F69AA4E1BCC8C1F0092A7C8 /* self_promotion_2 */,
				6F69AA631BCC8C1F0092A7C8 /* self_promotion_2Tests */,
				6F69AA6E1BCC8C1F0092A7C8 /* self_promotion_2UITests */,
				6F69AA4D1BCC8C1F0092A7C8 /* Products */,
			);
			sourceTree = "<group>";
		};
		6F69AA4D1BCC8C1F0092A7C8 /* Products */ = {
			isa = PBXGroup;
			children = (
				6F69AA4C1BCC8C1F0092A7C8 /* self_promotion_2.app */,
				6F69AA601BCC8C1F0092A7C8 /* self_promotion_2Tests.xctest */,
				6F69AA6B1BCC8C1F0092A7C8 /* self_promotion_2UITests.xctest */,
			);
			name = Products;
			sourceTree = "<group>";
		};
		6F69AA4E1BCC8C1F0092A7C8 /* self_promotion_2 */ = {
			isa = PBXGroup;
			children = (
				6F69AA4F1BCC8C1F0092A7C8 /* AppDelegate.swift */,
				6F69AA7D1BCCD48B0092A7C8 /* SideMenu.swift */,
				6F69AA7F1BCCD4C10092A7C8 /* MenuTableViewController.swift */,
				6F69AA511BCC8C1F0092A7C8 /* ViewController.swift */,
				6F69AA531BCC8C1F0092A7C8 /* Main.storyboard */,
				6F69AA581BCC8C1F0092A7C8 /* LaunchScreen.storyboard */,
				6F69AA561BCC8C1F0092A7C8 /* Assets.xcassets */,
				6F69AA5B1BCC8C1F0092A7C8 /* Info.plist */,
			);
			path = self_promotion_2;
			sourceTree = "<group>";
		};
		6F69AA631BCC8C1F0092A7C8 /* self_promotion_2Tests */ = {
			isa = PBXGroup;
			children = (
				6F69AA641BCC8C1F0092A7C8 /* self_promotion_2Tests.swift */,
				6F69AA661BCC8C1F0092A7C8 /* Info.plist */,
			);
			path = self_promotion_2Tests;
			sourceTree = "<group>";
		};
		6F69AA6E1BCC8C1F0092A7C8 /* self_promotion_2UITests */ = {
			isa = PBXGroup;
			children = (
				6F69AA6F1BCC8C1F0092A7C8 /* self_promotion_2UITests.swift */,
				6F69AA711BCC8C1F0092A7C8 /* Info.plist */,
			);
			path = self_promotion_2UITests;
			sourceTree = "<group>";
		};
/* End PBXGroup section */

/* Begin PBXNativeTarget section */
		6F69AA4B1BCC8C1F0092A7C8 /* self_promotion_2 */ = {
			isa = PBXNativeTarget;
			buildConfigurationList = 6F69AA741BCC8C1F0092A7C8 /* Build configuration list for PBXNativeTarget "self_promotion_2" */;
			buildPhases = (
				6F69AA481BCC8C1F0092A7C8 /* Sources */,
				6F69AA491BCC8C1F0092A7C8 /* Frameworks */,
				6F69AA4A1BCC8C1F0092A7C8 /* Resources */,
			);
			buildRules = (
			);
			dependencies = (
			);
			name = self_promotion_2;
			productName = self_promotion_2;
			productReference = 6F69AA4C1BCC8C1F0092A7C8 /* self_promotion_2.app */;
			productType = "com.apple.product-type.application";
		};
		6F69AA5F1BCC8C1F0092A7C8 /* self_promotion_2Tests */ = {
			isa = PBXNativeTarget;
			buildConfigurationList = 6F69AA771BCC8C1F0092A7C8 /* Build configuration list for PBXNativeTarget "self_promotion_2Tests" */;
			buildPhases = (
				6F69AA5C1BCC8C1F0092A7C8 /* Sources */,
				6F69AA5D1BCC8C1F0092A7C8 /* Frameworks */,
				6F69AA5E1BCC8C1F0092A7C8 /* Resources */,
			);
			buildRules = (
			);
			dependencies = (
				6F69AA621BCC8C1F0092A7C8 /* PBXTargetDependency */,
			);
			name = self_promotion_2Tests;
			productName = self_promotion_2Tests;
			productReference = 6F69AA601BCC8C1F0092A7C8 /* self_promotion_2Tests.xctest */;
			productType = "com.apple.product-type.bundle.unit-test";
		};
		6F69AA6A1BCC8C1F0092A7C8 /* self_promotion_2UITests */ = {
			isa = PBXNativeTarget;
			buildConfigurationList = 6F69AA7A1BCC8C1F0092A7C8 /* Build configuration list for PBXNativeTarget "self_promotion_2UITests" */;
			buildPhases = (
				6F69AA671BCC8C1F0092A7C8 /* Sources */,
				6F69AA681BCC8C1F0092A7C8 /* Frameworks */,
				6F69AA691BCC8C1F0092A7C8 /* Resources */,
			);
			buildRules = (
			);
			dependencies = (
				6F69AA6D1BCC8C1F0092A7C8 /* PBXTargetDependency */,
			);
			name = self_promotion_2UITests;
			productName = self_promotion_2UITests;
			productReference = 6F69AA6B1BCC8C1F0092A7C8 /* self_promotion_2UITests.xctest */;
			productType = "com.apple.product-type.bundle.ui-testing";
		};
/* End PBXNativeTarget section */

/* Begin PBXProject section */
		6F69AA441BCC8C1F0092A7C8 /* Project object */ = {
			isa = PBXProject;
			attributes = {
				LastUpgradeCheck = 0700;
				ORGANIZATIONNAME = "ryota-ko";
				TargetAttributes = {
					6F69AA4B1BCC8C1F0092A7C8 = {
						CreatedOnToolsVersion = 7.0.1;
					};
					6F69AA5F1BCC8C1F0092A7C8 = {
						CreatedOnToolsVersion = 7.0.1;
						TestTargetID = 6F69AA4B1BCC8C1F0092A7C8;
					};
					6F69AA6A1BCC8C1F0092A7C8 = {
						CreatedOnToolsVersion = 7.0.1;
						TestTargetID = 6F69AA4B1BCC8C1F0092A7C8;
					};
				};
			};
			buildConfigurationList = 6F69AA471BCC8C1F0092A7C8 /* Build configuration list for PBXProject "self_promotion_2" */;
			compatibilityVersion = "Xcode 3.2";
			developmentRegion = English;
			hasScannedForEncodings = 0;
			knownRegions = (
				en,
				Base,
			);
			mainGroup = 6F69AA431BCC8C1F0092A7C8;
			productRefGroup = 6F69AA4D1BCC8C1F0092A7C8 /* Products */;
			projectDirPath = "";
			projectRoot = "";
			targets = (
				6F69AA4B1BCC8C1F0092A7C8 /* self_promotion_2 */,
				6F69AA5F1BCC8C1F0092A7C8 /* self_promotion_2Tests */,
				6F69AA6A1BCC8C1F0092A7C8 /* self_promotion_2UITests */,
			);
		};
/* End PBXProject section */

/* Begin PBXResourcesBuildPhase section */
		6F69AA4A1BCC8C1F0092A7C8 /* Resources */ = {
			isa = PBXResourcesBuildPhase;
			buildActionMask = 2147483647;
			files = (
				6F69AA5A1BCC8C1F0092A7C8 /* LaunchScreen.storyboard in Resources */,
				6F69AA571BCC8C1F0092A7C8 /* Assets.xcassets in Resources */,
				6F69AA551BCC8C1F0092A7C8 /* Main.storyboard in Resources */,
			);
			runOnlyForDeploymentPostprocessing = 0;
		};
		6F69AA5E1BCC8C1F0092A7C8 /* Resources */ = {
			isa = PBXResourcesBuildPhase;
			buildActionMask = 2147483647;
			files = (
			);
			runOnlyForDeploymentPostprocessing = 0;
		};
		6F69AA691BCC8C1F0092A7C8 /* Resources */ = {
			isa = PBXResourcesBuildPhase;
			buildActionMask = 2147483647;
			files = (
			);
			runOnlyForDeploymentPostprocessing = 0;
		};
/* End PBXResourcesBuildPhase section */

/* Begin PBXSourcesBuildPhase section */
		6F69AA481BCC8C1F0092A7C8 /* Sources */ = {
			isa = PBXSourcesBuildPhase;
			buildActionMask = 2147483647;
			files = (
				6F69AA801BCCD4C10092A7C8 /* MenuTableViewController.swift in Sources */,
				6F69AA7E1BCCD48B0092A7C8 /* SideMenu.swift in Sources */,
				6F69AA521BCC8C1F0092A7C8 /* ViewController.swift in Sources */,
				6F69AA501BCC8C1F0092A7C8 /* AppDelegate.swift in Sources */,
			);
			runOnlyForDeploymentPostprocessing = 0;
		};
		6F69AA5C1BCC8C1F0092A7C8 /* Sources */ = {
			isa = PBXSourcesBuildPhase;
			buildActionMask = 2147483647;
			files = (
				6F69AA651BCC8C1F0092A7C8 /* self_promotion_2Tests.swift in Sources */,
			);
			runOnlyForDeploymentPostprocessing = 0;
		};
		6F69AA671BCC8C1F0092A7C8 /* Sources */ = {
			isa = PBXSourcesBuildPhase;
			buildActionMask = 2147483647;
			files = (
				6F69AA701BCC8C1F0092A7C8 /* self_promotion_2UITests.swift in Sources */,
			);
			runOnlyForDeploymentPostprocessing = 0;
		};
/* End PBXSourcesBuildPhase section */

/* Begin PBXTargetDependency section */
		6F69AA621BCC8C1F0092A7C8 /* PBXTargetDependency */ = {
			isa = PBXTargetDependency;
			target = 6F69AA4B1BCC8C1F0092A7C8 /* self_promotion_2 */;
			targetProxy = 6F69AA611BCC8C1F0092A7C8 /* PBXContainerItemProxy */;
		};
		6F69AA6D1BCC8C1F0092A7C8 /* PBXTargetDependency */ = {
			isa = PBXTargetDependency;
			target = 6F69AA4B1BCC8C1F0092A7C8 /* self_promotion_2 */;
			targetProxy = 6F69AA6C1BCC8C1F0092A7C8 /* PBXContainerItemProxy */;
		};
/* End PBXTargetDependency section */

/* Begin PBXVariantGroup section */
		6F69AA531BCC8C1F0092A7C8 /* Main.storyboard */ = {
			isa = PBXVariantGroup;
			children = (
				6F69AA541BCC8C1F0092A7C8 /* Base */,
			);
			name = Main.storyboard;
			sourceTree = "<group>";
		};
		6F69AA581BCC8C1F0092A7C8 /* LaunchScreen.storyboard */ = {
			isa = PBXVariantGroup;
			children = (
				6F69AA591BCC8C1F0092A7C8 /* Base */,
			);
			name = LaunchScreen.storyboard;
			sourceTree = "<group>";
		};
/* End PBXVariantGroup section */

/* Begin XCBuildConfiguration section */
		6F69AA721BCC8C1F0092A7C8 /* Debug */ = {
			isa = XCBuildConfiguration;
			buildSettings = {
				ALWAYS_SEARCH_USER_PATHS = NO;
				CLANG_CXX_LANGUAGE_STANDARD = "gnu++0x";
				CLANG_CXX_LIBRARY = "libc++";
				CLANG_ENABLE_MODULES = YES;
				CLANG_ENABLE_OBJC_ARC = YES;
				CLANG_WARN_BOOL_CONVERSION = YES;
				CLANG_WARN_CONSTANT_CONVERSION = YES;
				CLANG_WARN_DIRECT_OBJC_ISA_USAGE = YES_ERROR;
				CLANG_WARN_EMPTY_BODY = YES;
				CLANG_WARN_ENUM_CONVERSION = YES;
				CLANG_WARN_INT_CONVERSION = YES;
				CLANG_WARN_OBJC_ROOT_CLASS = YES_ERROR;
				CLANG_WARN_UNREACHABLE_CODE = YES;
				CLANG_WARN__DUPLICATE_METHOD_MATCH = YES;
				"CODE_SIGN_IDENTITY[sdk=iphoneos*]" = "iPhone Developer";
				COPY_PHASE_STRIP = NO;
				DEBUG_INFORMATION_FORMAT = dwarf;
				ENABLE_STRICT_OBJC_MSGSEND = YES;
				ENABLE_TESTABILITY = YES;
				GCC_C_LANGUAGE_STANDARD = gnu99;
				GCC_DYNAMIC_NO_PIC = NO;
				GCC_NO_COMMON_BLOCKS = YES;
				GCC_OPTIMIZATION_LEVEL = 0;
				GCC_PREPROCESSOR_DEFINITIONS = (
					"DEBUG=1",
					"$(inherited)",
				);
				GCC_WARN_64_TO_32_BIT_CONVERSION = YES;
				GCC_WARN_ABOUT_RETURN_TYPE = YES_ERROR;
				GCC_WARN_UNDECLARED_SELECTOR = YES;
				GCC_WARN_UNINITIALIZED_AUTOS = YES_AGGRESSIVE;
				GCC_WARN_UNUSED_FUNCTION = YES;
				GCC_WARN_UNUSED_VARIABLE = YES;
				IPHONEOS_DEPLOYMENT_TARGET = 9.0;
				MTL_ENABLE_DEBUG_INFO = YES;
				ONLY_ACTIVE_ARCH = YES;
				SDKROOT = iphoneos;
				SWIFT_OPTIMIZATION_LEVEL = "-Onone";
				TARGETED_DEVICE_FAMILY = 2;
			};
			name = Debug;
		};
		6F69AA731BCC8C1F0092A7C8 /* Release */ = {
			isa = XCBuildConfiguration;
			buildSettings = {
				ALWAYS_SEARCH_USER_PATHS = NO;
				CLANG_CXX_LANGUAGE_STANDARD = "gnu++0x";
				CLANG_CXX_LIBRARY = "libc++";
				CLANG_ENABLE_MODULES = YES;
				CLANG_ENABLE_OBJC_ARC = YES;
				CLANG_WARN_BOOL_CONVERSION = YES;
				CLANG_WARN_CONSTANT_CONVERSION = YES;
				CLANG_WARN_DIRECT_OBJC_ISA_USAGE = YES_ERROR;
				CLANG_WARN_EMPTY_BODY = YES;
				CLANG_WARN_ENUM_CONVERSION = YES;
				CLANG_WARN_INT_CONVERSION = YES;
				CLANG_WARN_OBJC_ROOT_CLASS = YES_ERROR;
				CLANG_WARN_UNREACHABLE_CODE = YES;
				CLANG_WARN__DUPLICATE_METHOD_MATCH = YES;
				"CODE_SIGN_IDENTITY[sdk=iphoneos*]" = "iPhone Developer";
				COPY_PHASE_STRIP = NO;
				DEBUG_INFORMATION_FORMAT = "dwarf-with-dsym";
				ENABLE_NS_ASSERTIONS = NO;
				ENABLE_STRICT_OBJC_MSGSEND = YES;
				GCC_C_LANGUAGE_STANDARD = gnu99;
				GCC_NO_COMMON_BLOCKS = YES;
				GCC_WARN_64_TO_32_BIT_CONVERSION = YES;
				GCC_WARN_ABOUT_RETURN_TYPE = YES_ERROR;
				GCC_WARN_UNDECLARED_SELECTOR = YES;
				GCC_WARN_UNINITIALIZED_AUTOS = YES_AGGRESSIVE;
				GCC_WARN_UNUSED_FUNCTION = YES;
				GCC_WARN_UNUSED_VARIABLE = YES;
				IPHONEOS_DEPLOYMENT_TARGET = 9.0;
				MTL_ENABLE_DEBUG_INFO = NO;
				SDKROOT = iphoneos;
				TARGETED_DEVICE_FAMILY = 2;
				VALIDATE_PRODUCT = YES;
			};
			name = Release;
		};
		6F69AA751BCC8C1F0092A7C8 /* Debug */ = {
			isa = XCBuildConfiguration;
			buildSettings = {
				ASSETCATALOG_COMPILER_APPICON_NAME = AppIcon;
				INFOPLIST_FILE = self_promotion_2/Info.plist;
				LD_RUNPATH_SEARCH_PATHS = "$(inherited) @executable_path/Frameworks";
				PRODUCT_BUNDLE_IDENTIFIER = "myApp.self-promotion-2";
				PRODUCT_NAME = "$(TARGET_NAME)";
			};
			name = Debug;
		};
		6F69AA761BCC8C1F0092A7C8 /* Release */ = {
			isa = XCBuildConfiguration;
			buildSettings = {
				ASSETCATALOG_COMPILER_APPICON_NAME = AppIcon;
				INFOPLIST_FILE = self_promotion_2/Info.plist;
				LD_RUNPATH_SEARCH_PATHS = "$(inherited) @executable_path/Frameworks";
				PRODUCT_BUNDLE_IDENTIFIER = "myApp.self-promotion-2";
				PRODUCT_NAME = "$(TARGET_NAME)";
			};
			name = Release;
		};
		6F69AA781BCC8C1F0092A7C8 /* Debug */ = {
			isa = XCBuildConfiguration;
			buildSettings = {
				BUNDLE_LOADER = "$(TEST_HOST)";
				INFOPLIST_FILE = self_promotion_2Tests/Info.plist;
				LD_RUNPATH_SEARCH_PATHS = "$(inherited) @executable_path/Frameworks @loader_path/Frameworks";
				PRODUCT_BUNDLE_IDENTIFIER = "myApp.self-promotion-2Tests";
				PRODUCT_NAME = "$(TARGET_NAME)";
				TEST_HOST = "$(BUILT_PRODUCTS_DIR)/self_promotion_2.app/self_promotion_2";
			};
			name = Debug;
		};
		6F69AA791BCC8C1F0092A7C8 /* Release */ = {
			isa = XCBuildConfiguration;
			buildSettings = {
				BUNDLE_LOADER = "$(TEST_HOST)";
				INFOPLIST_FILE = self_promotion_2Tests/Info.plist;
				LD_RUNPATH_SEARCH_PATHS = "$(inherited) @executable_path/Frameworks @loader_path/Frameworks";
				PRODUCT_BUNDLE_IDENTIFIER = "myApp.self-promotion-2Tests";
				PRODUCT_NAME = "$(TARGET_NAME)";
				TEST_HOST = "$(BUILT_PRODUCTS_DIR)/self_promotion_2.app/self_promotion_2";
			};
			name = Release;
		};
		6F69AA7B1BCC8C1F0092A7C8 /* Debug */ = {
			isa = XCBuildConfiguration;
			buildSettings = {
				INFOPLIST_FILE = self_promotion_2UITests/Info.plist;
				LD_RUNPATH_SEARCH_PATHS = "$(inherited) @executable_path/Frameworks @loader_path/Frameworks";
				PRODUCT_BUNDLE_IDENTIFIER = "myApp.self-promotion-2UITests";
				PRODUCT_NAME = "$(TARGET_NAME)";
				TEST_TARGET_NAME = self_promotion_2;
				USES_XCTRUNNER = YES;
			};
			name = Debug;
		};
		6F69AA7C1BCC8C1F0092A7C8 /* Release */ = {
			isa = XCBuildConfiguration;
			buildSettings = {
				INFOPLIST_FILE = self_promotion_2UITests/Info.plist;
				LD_RUNPATH_SEARCH_PATHS = "$(inherited) @executable_path/Frameworks @loader_path/Frameworks";
				PRODUCT_BUNDLE_IDENTIFIER = "myApp.self-promotion-2UITests";
				PRODUCT_NAME = "$(TARGET_NAME)";
				TEST_TARGET_NAME = self_promotion_2;
				USES_XCTRUNNER = YES;
			};
			name = Release;
		};
/* End XCBuildConfiguration section */

/* Begin XCConfigurationList section */
		6F69AA471BCC8C1F0092A7C8 /* Build configuration list for PBXProject "self_promotion_2" */ = {
			isa = XCConfigurationList;
			buildConfigurations = (
				6F69AA721BCC8C1F0092A7C8 /* Debug */,
				6F69AA731BCC8C1F0092A7C8 /* Release */,
			);
			defaultConfigurationIsVisible = 0;
			defaultConfigurationName = Release;
		};
		6F69AA741BCC8C1F0092A7C8 /* Build configuration list for PBXNativeTarget "self_promotion_2" */ = {
			isa = XCConfigurationList;
			buildConfigurations = (
				6F69AA751BCC8C1F0092A7C8 /* Debug */,
				6F69AA761BCC8C1F0092A7C8 /* Release */,
			);
			defaultConfigurationIsVisible = 0;
		};
		6F69AA771BCC8C1F0092A7C8 /* Build configuration list for PBXNativeTarget "self_promotion_2Tests" */ = {
			isa = XCConfigurationList;
			buildConfigurations = (
				6F69AA781BCC8C1F0092A7C8 /* Debug */,
				6F69AA791BCC8C1F0092A7C8 /* Release */,
			);
			defaultConfigurationIsVisible = 0;
		};
		6F69AA7A1BCC8C1F0092A7C8 /* Build configuration list for PBXNativeTarget "self_promotion_2UITests" */ = {
			isa = XCConfigurationList;
			buildConfigurations = (
				6F69AA7B1BCC8C1F0092A7C8 /* Debug */,
				6F69AA7C1BCC8C1F0092A7C8 /* Release */,
			);
			defaultConfigurationIsVisible = 0;
		};
/* End XCConfigurationList section */
	};
	rootObject = 6F69AA441BCC8C1F0092A7C8 /* Project object */;
}
