// !$*UTF8*$!
{
	archiveVersion = 1;
	classes = {
	};
	objectVersion = 46;
	objects = {

/* Begin PBXBuildFile section */
		0B92AA020A09B8A26CEDDD19 /* Pods.framework in Frameworks */ = {isa = PBXBuildFile; fileRef = D48D35E31A1002035E52718A /* Pods.framework */; };
		6F0F3CDE1BCDDC0E00EB50DB /* FirstViewController.swift in Sources */ = {isa = PBXBuildFile; fileRef = 6F0F3CDD1BCDDC0E00EB50DB /* FirstViewController.swift */; settings = {ASSET_TAGS = (); }; };
		6F0F3CE01BCDDD2D00EB50DB /* SecondViewController.swift in Sources */ = {isa = PBXBuildFile; fileRef = 6F0F3CDF1BCDDD2D00EB50DB /* SecondViewController.swift */; settings = {ASSET_TAGS = (); }; };
		6F0F3CE21BD0934100EB50DB /* lit1.jpg in Resources */ = {isa = PBXBuildFile; fileRef = 6F0F3CE11BD0934100EB50DB /* lit1.jpg */; settings = {ASSET_TAGS = (); }; };
		6F0F3CE41BD0939F00EB50DB /* IMG_6002.jpg in Resources */ = {isa = PBXBuildFile; fileRef = 6F0F3CE31BD0939F00EB50DB /* IMG_6002.jpg */; settings = {ASSET_TAGS = (); }; };
		6F0F3CE71BD09C3200EB50DB /* android-logo-transparent.png in Resources */ = {isa = PBXBuildFile; fileRef = 6F0F3CE51BD09C3200EB50DB /* android-logo-transparent.png */; settings = {ASSET_TAGS = (); }; };
		6F0F3CE81BD09C3200EB50DB /* pepper.jpg in Resources */ = {isa = PBXBuildFile; fileRef = 6F0F3CE61BD09C3200EB50DB /* pepper.jpg */; settings = {ASSET_TAGS = (); }; };
		6F0F3CEA1BD09CC500EB50DB /* swifthero.png in Resources */ = {isa = PBXBuildFile; fileRef = 6F0F3CE91BD09CC500EB50DB /* swifthero.png */; settings = {ASSET_TAGS = (); }; };
		6F0F3CED1BD0AE4300EB50DB /* Simulator Screen Shot 2015.10.14 22.49.45.png in Resources */ = {isa = PBXBuildFile; fileRef = 6F0F3CEB1BD0AE4300EB50DB /* Simulator Screen Shot 2015.10.14 22.49.45.png */; settings = {ASSET_TAGS = (); }; };
		6F0F3CEE1BD0AE4300EB50DB /* Simulator Screen Shot 2015.10.14 22.50.08.png in Resources */ = {isa = PBXBuildFile; fileRef = 6F0F3CEC1BD0AE4300EB50DB /* Simulator Screen Shot 2015.10.14 22.50.08.png */; settings = {ASSET_TAGS = (); }; };
		6F0F3CF31BD11B0200EB50DB /* IMG_2774.JPG in Resources */ = {isa = PBXBuildFile; fileRef = 6F0F3CEF1BD11B0200EB50DB /* IMG_2774.JPG */; settings = {ASSET_TAGS = (); }; };
		6F0F3CF41BD11B0200EB50DB /* koshiba.jpg in Resources */ = {isa = PBXBuildFile; fileRef = 6F0F3CF01BD11B0200EB50DB /* koshiba.jpg */; settings = {ASSET_TAGS = (); }; };
		6F0F3CF51BD11B0200EB50DB /* kssweetheavycalligraphy.ttf in Resources */ = {isa = PBXBuildFile; fileRef = 6F0F3CF11BD11B0200EB50DB /* kssweetheavycalligraphy.ttf */; settings = {ASSET_TAGS = (); }; };
		6F0F3CF61BD11B0200EB50DB /* Photo 2013-08-13 13 30 24.jpg in Resources */ = {isa = PBXBuildFile; fileRef = 6F0F3CF21BD11B0200EB50DB /* Photo 2013-08-13 13 30 24.jpg */; settings = {ASSET_TAGS = (); }; };
		6F0F443E1BD1C04400EB50DB /* TuK9-Wxp.jpg in Resources */ = {isa = PBXBuildFile; fileRef = 6F0F443D1BD1C04400EB50DB /* TuK9-Wxp.jpg */; settings = {ASSET_TAGS = (); }; };
		6F14E6FA1BD9F3A300860EDA /* RaspberryPi.png in Resources */ = {isa = PBXBuildFile; fileRef = 6F14E6F91BD9F3A300860EDA /* RaspberryPi.png */; settings = {ASSET_TAGS = (); }; };
		6F69AA501BCC8C1F0092A7C8 /* AppDelegate.swift in Sources */ = {isa = PBXBuildFile; fileRef = 6F69AA4F1BCC8C1F0092A7C8 /* AppDelegate.swift */; };
		6F69AA521BCC8C1F0092A7C8 /* ViewController.swift in Sources */ = {isa = PBXBuildFile; fileRef = 6F69AA511BCC8C1F0092A7C8 /* ViewController.swift */; };
		6F69AA551BCC8C1F0092A7C8 /* Main.storyboard in Resources */ = {isa = PBXBuildFile; fileRef = 6F69AA531BCC8C1F0092A7C8 /* Main.storyboard */; };
		6F69AA571BCC8C1F0092A7C8 /* Assets.xcassets in Resources */ = {isa = PBXBuildFile; fileRef = 6F69AA561BCC8C1F0092A7C8 /* Assets.xcassets */; };
		6F69AA5A1BCC8C1F0092A7C8 /* LaunchScreen.storyboard in Resources */ = {isa = PBXBuildFile; fileRef = 6F69AA581BCC8C1F0092A7C8 /* LaunchScreen.storyboard */; };
		6F69AA651BCC8C1F0092A7C8 /* self_promotion_2Tests.swift in Sources */ = {isa = PBXBuildFile; fileRef = 6F69AA641BCC8C1F0092A7C8 /* self_promotion_2Tests.swift */; };
		6F69AA701BCC8C1F0092A7C8 /* self_promotion_2UITests.swift in Sources */ = {isa = PBXBuildFile; fileRef = 6F69AA6F1BCC8C1F0092A7C8 /* self_promotion_2UITests.swift */; };
		6F69AA7E1BCCD48B0092A7C8 /* SideMenu.swift in Sources */ = {isa = PBXBuildFile; fileRef = 6F69AA7D1BCCD48B0092A7C8 /* SideMenu.swift */; settings = {ASSET_TAGS = (); }; };
		6F69AA801BCCD4C10092A7C8 /* MenuTableViewController.swift in Sources */ = {isa = PBXBuildFile; fileRef = 6F69AA7F1BCCD4C10092A7C8 /* MenuTableViewController.swift */; settings = {ASSET_TAGS = (); }; };
/* End PBXBuildFile section */

/* Begin PBXContainerItemProxy section */
		6F69AA611BCC8C1F0092A7C8 /* PBXContainerItemProxy */ = {
			isa = PBXContainerItemProxy;
			containerPortal = 6F69AA441BCC8C1F0092A7C8 /* Project object */;
			proxyType = 1;
			remoteGlobalIDString = 6F69AA4B1BCC8C1F0092A7C8;
			remoteInfo = self_promotion_2;
		};
		6F69AA6C1BCC8C1F0092A7C8 /* PBXContainerItemProxy */ = {
			isa = PBXContainerItemProxy;
			containerPortal = 6F69AA441BCC8C1F0092A7C8 /* Project object */;
			proxyType = 1;
			remoteGlobalIDString = 6F69AA4B1BCC8C1F0092A7C8;
			remoteInfo = self_promotion_2;
		};
/* End PBXContainerItemProxy section */

/* Begin PBXFileReference section */
		6F0F3CDD1BCDDC0E00EB50DB /* FirstViewController.swift */ = {isa = PBXFileReference; fileEncoding = 4; lastKnownFileType = sourcecode.swift; path = FirstViewController.swift; sourceTree = "<group>"; };
		6F0F3CDF1BCDDD2D00EB50DB /* SecondViewController.swift */ = {isa = PBXFileReference; fileEncoding = 4; lastKnownFileType = sourcecode.swift; path = SecondViewController.swift; sourceTree = "<group>"; };
		6F0F3CE11BD0934100EB50DB /* lit1.jpg */ = {isa = PBXFileReference; lastKnownFileType = image.jpeg; path = lit1.jpg; sourceTree = "<group>"; };
		6F0F3CE31BD0939F00EB50DB /* IMG_6002.jpg */ = {isa = PBXFileReference; lastKnownFileType = image.jpeg; path = IMG_6002.jpg; sourceTree = "<group>"; };
		6F0F3CE51BD09C3200EB50DB /* android-logo-transparent.png */ = {isa = PBXFileReference; lastKnownFileType = image.png; path = "android-logo-transparent.png"; sourceTree = "<group>"; };
		6F0F3CE61BD09C3200EB50DB /* pepper.jpg */ = {isa = PBXFileReference; lastKnownFileType = image.jpeg; path = pepper.jpg; sourceTree = "<group>"; };
		6F0F3CE91BD09CC500EB50DB /* swifthero.png */ = {isa = PBXFileReference; lastKnownFileType = image.png; path = swifthero.png; sourceTree = "<group>"; };
		6F0F3CEB1BD0AE4300EB50DB /* Simulator Screen Shot 2015.10.14 22.49.45.png */ = {isa = PBXFileReference; lastKnownFileType = image.png; path = "Simulator Screen Shot 2015.10.14 22.49.45.png"; sourceTree = "<group>"; };
		6F0F3CEC1BD0AE4300EB50DB /* Simulator Screen Shot 2015.10.14 22.50.08.png */ = {isa = PBXFileReference; lastKnownFileType = image.png; path = "Simulator Screen Shot 2015.10.14 22.50.08.png"; sourceTree = "<group>"; };
		6F0F3CEF1BD11B0200EB50DB /* IMG_2774.JPG */ = {isa = PBXFileReference; lastKnownFileType = image.jpeg; path = IMG_2774.JPG; sourceTree = "<group>"; };
		6F0F3CF01BD11B0200EB50DB /* koshiba.jpg */ = {isa = PBXFileReference; lastKnownFileType = image.jpeg; path = koshiba.jpg; sourceTree = "<group>"; };
		6F0F3CF11BD11B0200EB50DB /* kssweetheavycalligraphy.ttf */ = {isa = PBXFileReference; lastKnownFileType = file; path = kssweetheavycalligraphy.ttf; sourceTree = "<group>"; };
		6F0F3CF21BD11B0200EB50DB /* Photo 2013-08-13 13 30 24.jpg */ = {isa = PBXFileReference; lastKnownFileType = image.jpeg; path = "Photo 2013-08-13 13 30 24.jpg"; sourceTree = "<group>"; };
		6F0F443D1BD1C04400EB50DB /* TuK9-Wxp.jpg */ = {isa = PBXFileReference; lastKnownFileType = image.jpeg; path = "TuK9-Wxp.jpg"; sourceTree = "<group>"; };
		6F14E6F91BD9F3A300860EDA /* RaspberryPi.png */ = {isa = PBXFileReference; lastKnownFileType = image.png; path = RaspberryPi.png; sourceTree = "<group>"; };
		6F69AA4C1BCC8C1F0092A7C8 /* self_promotion_2.app */ = {isa = PBXFileReference; explicitFileType = wrapper.application; includeInIndex = 0; path = self_promotion_2.app; sourceTree = BUILT_PRODUCTS_DIR; };
		6F69AA4F1BCC8C1F0092A7C8 /* AppDelegate.swift */ = {isa = PBXFileReference; lastKnownFileType = sourcecode.swift; path = AppDelegate.swift; sourceTree = "<group>"; };
		6F69AA511BCC8C1F0092A7C8 /* ViewController.swift */ = {isa = PBXFileReference; lastKnownFileType = sourcecode.swift; path = ViewController.swift; sourceTree = "<group>"; };
		6F69AA541BCC8C1F0092A7C8 /* Base */ = {isa = PBXFileReference; lastKnownFileType = file.storyboard; name = Base; path = Base.lproj/Main.storyboard; sourceTree = "<group>"; };
		6F69AA561BCC8C1F0092A7C8 /* Assets.xcassets */ = {isa = PBXFileReference; lastKnownFileType = folder.assetcatalog; path = Assets.xcassets; sourceTree = "<group>"; };
		6F69AA591BCC8C1F0092A7C8 /* Base */ = {isa = PBXFileReference; lastKnownFileType = file.storyboard; name = Base; path = Base.lproj/LaunchScreen.storyboard; sourceTree = "<group>"; };
		6F69AA5B1BCC8C1F0092A7C8 /* Info.plist */ = {isa = PBXFileReference; lastKnownFileType = text.plist.xml; path = Info.plist; sourceTree = "<group>"; };
		6F69AA601BCC8C1F0092A7C8 /* self_promotion_2Tests.xctest */ = {isa = PBXFileReference; explicitFileType = wrapper.cfbundle; includeInIndex = 0; path = self_promotion_2Tests.xctest; sourceTree = BUILT_PRODUCTS_DIR; };
		6F69AA641BCC8C1F0092A7C8 /* self_promotion_2Tests.swift */ = {isa = PBXFileReference; lastKnownFileType = sourcecode.swift; path = self_promotion_2Tests.swift; sourceTree = "<group>"; };
		6F69AA661BCC8C1F0092A7C8 /* Info.plist */ = {isa = PBXFileReference; lastKnownFileType = text.plist.xml; path = Info.plist; sourceTree = "<group>"; };
		6F69AA6B1BCC8C1F0092A7C8 /* self_promotion_2UITests.xctest */ = {isa = PBXFileReference; explicitFileType = wrapper.cfbundle; includeInIndex = 0; path = self_promotion_2UITests.xctest; sourceTree = BUILT_PRODUCTS_DIR; };
		6F69AA6F1BCC8C1F0092A7C8 /* self_promotion_2UITests.swift */ = {isa = PBXFileReference; lastKnownFileType = sourcecode.swift; path = self_promotion_2UITests.swift; sourceTree = "<group>"; };
		6F69AA711BCC8C1F0092A7C8 /* Info.plist */ = {isa = PBXFileReference; lastKnownFileType = text.plist.xml; path = Info.plist; sourceTree = "<group>"; };
		6F69AA7D1BCCD48B0092A7C8 /* SideMenu.swift */ = {isa = PBXFileReference; fileEncoding = 4; lastKnownFileType = sourcecode.swift; path = SideMenu.swift; sourceTree = "<group>"; };
		6F69AA7F1BCCD4C10092A7C8 /* MenuTableViewController.swift */ = {isa = PBXFileReference; fileEncoding = 4; lastKnownFileType = sourcecode.swift; path = MenuTableViewController.swift; sourceTree = "<group>"; };
		BC544291F3E7175180085BA2 /* Pods.debug.xcconfig */ = {isa = PBXFileReference; includeInIndex = 1; lastKnownFileType = text.xcconfig; name = Pods.debug.xcconfig; path = "Pods/Target Support Files/Pods/Pods.debug.xcconfig"; sourceTree = "<group>"; };
		D48D35E31A1002035E52718A /* Pods.framework */ = {isa = PBXFileReference; explicitFileType = wrapper.framework; includeInIndex = 0; path = Pods.framework; sourceTree = BUILT_PRODUCTS_DIR; };
		E45950C16A1D803FE001A33C /* Pods.release.xcconfig */ = {isa = PBXFileReference; includeInIndex = 1; lastKnownFileType = text.xcconfig; name = Pods.release.xcconfig; path = "Pods/Target Support Files/Pods/Pods.release.xcconfig"; sourceTree = "<group>"; };
/* End PBXFileReference section */

/* Begin PBXFrameworksBuildPhase section */
		6F69AA491BCC8C1F0092A7C8 /* Frameworks */ = {
			isa = PBXFrameworksBuildPhase;
			buildActionMask = 2147483647;
			files = (
				0B92AA020A09B8A26CEDDD19 /* Pods.framework in Frameworks */,
			);
			runOnlyForDeploymentPostprocessing = 0;
		};
		6F69AA5D1BCC8C1F0092A7C8 /* Frameworks */ = {
			isa = PBXFrameworksBuildPhase;
			buildActionMask = 2147483647;
			files = (
			);
			runOnlyForDeploymentPostprocessing = 0;
		};
		6F69AA681BCC8C1F0092A7C8 /* Frameworks */ = {
			isa = PBXFrameworksBuildPhase;
			buildActionMask = 2147483647;
			files = (
			);
			runOnlyForDeploymentPostprocessing = 0;
		};
/* End PBXFrameworksBuildPhase section */

/* Begin PBXGroup section */
		1BE726FFF6272DA626330926 /* Pods */ = {
			isa = PBXGroup;
			children = (
				BC544291F3E7175180085BA2 /* Pods.debug.xcconfig */,
				E45950C16A1D803FE001A33C /* Pods.release.xcconfig */,
			);
			name = Pods;
			sourceTree = "<group>";
		};
		6F69AA431BCC8C1F0092A7C8 = {
			isa = PBXGroup;
			children = (
				6F69AA4E1BCC8C1F0092A7C8 /* self_promotion_2 */,
				6F69AA631BCC8C1F0092A7C8 /* self_promotion_2Tests */,
				6F69AA6E1BCC8C1F0092A7C8 /* self_promotion_2UITests */,
				6F69AA4D1BCC8C1F0092A7C8 /* Products */,
				1BE726FFF6272DA626330926 /* Pods */,
				EAE6B098FC6C69B556CA3004 /* Frameworks */,
			);
			sourceTree = "<group>";
		};
		6F69AA4D1BCC8C1F0092A7C8 /* Products */ = {
			isa = PBXGroup;
			children = (
				6F69AA4C1BCC8C1F0092A7C8 /* self_promotion_2.app */,
				6F69AA601BCC8C1F0092A7C8 /* self_promotion_2Tests.xctest */,
				6F69AA6B1BCC8C1F0092A7C8 /* self_promotion_2UITests.xctest */,
			);
			name = Products;
			sourceTree = "<group>";
		};
		6F69AA4E1BCC8C1F0092A7C8 /* self_promotion_2 */ = {
			isa = PBXGroup;
			children = (
				6F14E6F91BD9F3A300860EDA /* RaspberryPi.png */,
				6F0F443D1BD1C04400EB50DB /* TuK9-Wxp.jpg */,
				6F0F3CEF1BD11B0200EB50DB /* IMG_2774.JPG */,
				6F0F3CF01BD11B0200EB50DB /* koshiba.jpg */,
				6F0F3CF11BD11B0200EB50DB /* kssweetheavycalligraphy.ttf */,
				6F0F3CF21BD11B0200EB50DB /* Photo 2013-08-13 13 30 24.jpg */,
				6F0F3CEB1BD0AE4300EB50DB /* Simulator Screen Shot 2015.10.14 22.49.45.png */,
				6F0F3CEC1BD0AE4300EB50DB /* Simulator Screen Shot 2015.10.14 22.50.08.png */,
				6F0F3CE91BD09CC500EB50DB /* swifthero.png */,
				6F0F3CE51BD09C3200EB50DB /* android-logo-transparent.png */,
				6F0F3CE61BD09C3200EB50DB /* pepper.jpg */,
				6F0F3CE31BD0939F00EB50DB /* IMG_6002.jpg */,
				6F0F3CE11BD0934100EB50DB /* lit1.jpg */,
				6F69AA4F1BCC8C1F0092A7C8 /* AppDelegate.swift */,
				6F69AA7D1BCCD48B0092A7C8 /* SideMenu.swift */,
				6F69AA7F1BCCD4C10092A7C8 /* MenuTableViewController.swift */,
				6F69AA511BCC8C1F0092A7C8 /* ViewController.swift */,
				6F0F3CDD1BCDDC0E00EB50DB /* FirstViewController.swift */,
				6F0F3CDF1BCDDD2D00EB50DB /* SecondViewController.swift */,
				6F69AA531BCC8C1F0092A7C8 /* Main.storyboard */,
				6F69AA581BCC8C1F0092A7C8 /* LaunchScreen.storyboard */,
				6F69AA561BCC8C1F0092A7C8 /* Assets.xcassets */,
				6F69AA5B1BCC8C1F0092A7C8 /* Info.plist */,
			);
			path = self_promotion_2;
			sourceTree = "<group>";
		};
		6F69AA631BCC8C1F0092A7C8 /* self_promotion_2Tests */ = {
			isa = PBXGroup;
			children = (
				6F69AA641BCC8C1F0092A7C8 /* self_promotion_2Tests.swift */,
				6F69AA661BCC8C1F0092A7C8 /* Info.plist */,
			);
			path = self_promotion_2Tests;
			sourceTree = "<group>";
		};
		6F69AA6E1BCC8C1F0092A7C8 /* self_promotion_2UITests */ = {
			isa = PBXGroup;
			children = (
				6F69AA6F1BCC8C1F0092A7C8 /* self_promotion_2UITests.swift */,
				6F69AA711BCC8C1F0092A7C8 /* Info.plist */,
			);
			path = self_promotion_2UITests;
			sourceTree = "<group>";
		};
		EAE6B098FC6C69B556CA3004 /* Frameworks */ = {
			isa = PBXGroup;
			children = (
				D48D35E31A1002035E52718A /* Pods.framework */,
			);
			name = Frameworks;
			sourceTree = "<group>";
		};
/* End PBXGroup section */

/* Begin PBXNativeTarget section */
		6F69AA4B1BCC8C1F0092A7C8 /* self_promotion_2 */ = {
			isa = PBXNativeTarget;
			buildConfigurationList = 6F69AA741BCC8C1F0092A7C8 /* Build configuration list for PBXNativeTarget "self_promotion_2" */;
			buildPhases = (
				179C59BCB9EB96743CC4E5AD /* Check Pods Manifest.lock */,
				6F69AA481BCC8C1F0092A7C8 /* Sources */,
				6F69AA491BCC8C1F0092A7C8 /* Frameworks */,
				6F69AA4A1BCC8C1F0092A7C8 /* Resources */,
				74412E29DDB69EA62451F8FD /* Embed Pods Frameworks */,
				0D13F70B5070E3951EAF0CE2 /* Copy Pods Resources */,
			);
			buildRules = (
			);
			dependencies = (
			);
			name = self_promotion_2;
			productName = self_promotion_2;
			productReference = 6F69AA4C1BCC8C1F0092A7C8 /* self_promotion_2.app */;
			productType = "com.apple.product-type.application";
		};
		6F69AA5F1BCC8C1F0092A7C8 /* self_promotion_2Tests */ = {
			isa = PBXNativeTarget;
			buildConfigurationList = 6F69AA771BCC8C1F0092A7C8 /* Build configuration list for PBXNativeTarget "self_promotion_2Tests" */;
			buildPhases = (
				6F69AA5C1BCC8C1F0092A7C8 /* Sources */,
				6F69AA5D1BCC8C1F0092A7C8 /* Frameworks */,
				6F69AA5E1BCC8C1F0092A7C8 /* Resources */,
			);
			buildRules = (
			);
			dependencies = (
				6F69AA621BCC8C1F0092A7C8 /* PBXTargetDependency */,
			);
			name = self_promotion_2Tests;
			productName = self_promotion_2Tests;
			productReference = 6F69AA601BCC8C1F0092A7C8 /* self_promotion_2Tests.xctest */;
			productType = "com.apple.product-type.bundle.unit-test";
		};
		6F69AA6A1BCC8C1F0092A7C8 /* self_promotion_2UITests */ = {
			isa = PBXNativeTarget;
			buildConfigurationList = 6F69AA7A1BCC8C1F0092A7C8 /* Build configuration list for PBXNativeTarget "self_promotion_2UITests" */;
			buildPhases = (
				6F69AA671BCC8C1F0092A7C8 /* Sources */,
				6F69AA681BCC8C1F0092A7C8 /* Frameworks */,
				6F69AA691BCC8C1F0092A7C8 /* Resources */,
			);
			buildRules = (
			);
			dependencies = (
				6F69AA6D1BCC8C1F0092A7C8 /* PBXTargetDependency */,
			);
			name = self_promotion_2UITests;
			productName = self_promotion_2UITests;
			productReference = 6F69AA6B1BCC8C1F0092A7C8 /* self_promotion_2UITests.xctest */;
			productType = "com.apple.product-type.bundle.ui-testing";
		};
/* End PBXNativeTarget section */

/* Begin PBXProject section */
		6F69AA441BCC8C1F0092A7C8 /* Project object */ = {
			isa = PBXProject;
			attributes = {
				LastUpgradeCheck = 0700;
				ORGANIZATIONNAME = "ryota-ko";
				TargetAttributes = {
					6F69AA4B1BCC8C1F0092A7C8 = {
						CreatedOnToolsVersion = 7.0.1;
					};
					6F69AA5F1BCC8C1F0092A7C8 = {
						CreatedOnToolsVersion = 7.0.1;
						TestTargetID = 6F69AA4B1BCC8C1F0092A7C8;
					};
					6F69AA6A1BCC8C1F0092A7C8 = {
						CreatedOnToolsVersion = 7.0.1;
						TestTargetID = 6F69AA4B1BCC8C1F0092A7C8;
					};
				};
			};
			buildConfigurationList = 6F69AA471BCC8C1F0092A7C8 /* Build configuration list for PBXProject "self_promotion_2" */;
			compatibilityVersion = "Xcode 3.2";
			developmentRegion = English;
			hasScannedForEncodings = 0;
			knownRegions = (
				en,
				Base,
			);
			mainGroup = 6F69AA431BCC8C1F0092A7C8;
			productRefGroup = 6F69AA4D1BCC8C1F0092A7C8 /* Products */;
			projectDirPath = "";
			projectRoot = "";
			targets = (
				6F69AA4B1BCC8C1F0092A7C8 /* self_promotion_2 */,
				6F69AA5F1BCC8C1F0092A7C8 /* self_promotion_2Tests */,
				6F69AA6A1BCC8C1F0092A7C8 /* self_promotion_2UITests */,
			);
		};
/* End PBXProject section */

/* Begin PBXResourcesBuildPhase section */
		6F69AA4A1BCC8C1F0092A7C8 /* Resources */ = {
			isa = PBXResourcesBuildPhase;
			buildActionMask = 2147483647;
			files = (
				6F0F3CE81BD09C3200EB50DB /* pepper.jpg in Resources */,
				6F69AA5A1BCC8C1F0092A7C8 /* LaunchScreen.storyboard in Resources */,
				6F0F3CE21BD0934100EB50DB /* lit1.jpg in Resources */,
				6F0F3CEA1BD09CC500EB50DB /* swifthero.png in Resources */,
				6F69AA571BCC8C1F0092A7C8 /* Assets.xcassets in Resources */,
				6F14E6FA1BD9F3A300860EDA /* RaspberryPi.png in Resources */,
				6F0F3CF51BD11B0200EB50DB /* kssweetheavycalligraphy.ttf in Resources */,
				6F0F3CF31BD11B0200EB50DB /* IMG_2774.JPG in Resources */,
				6F0F3CF61BD11B0200EB50DB /* Photo 2013-08-13 13 30 24.jpg in Resources */,
				6F69AA551BCC8C1F0092A7C8 /* Main.storyboard in Resources */,
				6F0F3CF41BD11B0200EB50DB /* koshiba.jpg in Resources */,
				6F0F443E1BD1C04400EB50DB /* TuK9-Wxp.jpg in Resources */,
				6F0F3CE41BD0939F00EB50DB /* IMG_6002.jpg in Resources */,
				6F0F3CE71BD09C3200EB50DB /* android-logo-transparent.png in Resources */,
				6F0F3CED1BD0AE4300EB50DB /* Simulator Screen Shot 2015.10.14 22.49.45.png in Resources */,
				6F0F3CEE1BD0AE4300EB50DB /* Simulator Screen Shot 2015.10.14 22.50.08.png in Resources */,
			);
			runOnlyForDeploymentPostprocessing = 0;
		};
		6F69AA5E1BCC8C1F0092A7C8 /* Resources */ = {
			isa = PBXResourcesBuildPhase;
			buildActionMask = 2147483647;
			files = (
			);
			runOnlyForDeploymentPostprocessing = 0;
		};
		6F69AA691BCC8C1F0092A7C8 /* Resources */ = {
			isa = PBXResourcesBuildPhase;
			buildActionMask = 2147483647;
			files = (
			);
			runOnlyForDeploymentPostprocessing = 0;
		};
/* End PBXResourcesBuildPhase section */

/* Begin PBXShellScriptBuildPhase section */
		0D13F70B5070E3951EAF0CE2 /* Copy Pods Resources */ = {
			isa = PBXShellScriptBuildPhase;
			buildActionMask = 2147483647;
			files = (
			);
			inputPaths = (
			);
			name = "Copy Pods Resources";
			outputPaths = (
			);
			runOnlyForDeploymentPostprocessing = 0;
			shellPath = /bin/sh;
			shellScript = "\"${SRCROOT}/Pods/Target Support Files/Pods/Pods-resources.sh\"\n";
			showEnvVarsInLog = 0;
		};
		179C59BCB9EB96743CC4E5AD /* Check Pods Manifest.lock */ = {
			isa = PBXShellScriptBuildPhase;
			buildActionMask = 2147483647;
			files = (
			);
			inputPaths = (
			);
			name = "Check Pods Manifest.lock";
			outputPaths = (
			);
			runOnlyForDeploymentPostprocessing = 0;
			shellPath = /bin/sh;
			shellScript = "diff \"${PODS_ROOT}/../Podfile.lock\" \"${PODS_ROOT}/Manifest.lock\" > /dev/null\nif [[ $? != 0 ]] ; then\n    cat << EOM\nerror: The sandbox is not in sync with the Podfile.lock. Run 'pod install' or update your CocoaPods installation.\nEOM\n    exit 1\nfi\n";
			showEnvVarsInLog = 0;
		};
		74412E29DDB69EA62451F8FD /* Embed Pods Frameworks */ = {
			isa = PBXShellScriptBuildPhase;
			buildActionMask = 2147483647;
			files = (
			);
			inputPaths = (
			);
			name = "Embed Pods Frameworks";
			outputPaths = (
			);
			runOnlyForDeploymentPostprocessing = 0;
			shellPath = /bin/sh;
			shellScript = "\"${SRCROOT}/Pods/Target Support Files/Pods/Pods-frameworks.sh\"\n";
			showEnvVarsInLog = 0;
		};
/* End PBXShellScriptBuildPhase section */

/* Begin PBXSourcesBuildPhase section */
		6F69AA481BCC8C1F0092A7C8 /* Sources */ = {
			isa = PBXSourcesBuildPhase;
			buildActionMask = 2147483647;
			files = (
				6F0F3CE01BCDDD2D00EB50DB /* SecondViewController.swift in Sources */,
				6F0F3CDE1BCDDC0E00EB50DB /* FirstViewController.swift in Sources */,
				6F69AA801BCCD4C10092A7C8 /* MenuTableViewController.swift in Sources */,
				6F69AA7E1BCCD48B0092A7C8 /* SideMenu.swift in Sources */,
				6F69AA521BCC8C1F0092A7C8 /* ViewController.swift in Sources */,
				6F69AA501BCC8C1F0092A7C8 /* AppDelegate.swift in Sources */,
			);
			runOnlyForDeploymentPostprocessing = 0;
		};
		6F69AA5C1BCC8C1F0092A7C8 /* Sources */ = {
			isa = PBXSourcesBuildPhase;
			buildActionMask = 2147483647;
			files = (
				6F69AA651BCC8C1F0092A7C8 /* self_promotion_2Tests.swift in Sources */,
			);
			runOnlyForDeploymentPostprocessing = 0;
		};
		6F69AA671BCC8C1F0092A7C8 /* Sources */ = {
			isa = PBXSourcesBuildPhase;
			buildActionMask = 2147483647;
			files = (
				6F69AA701BCC8C1F0092A7C8 /* self_promotion_2UITests.swift in Sources */,
			);
			runOnlyForDeploymentPostprocessing = 0;
		};
/* End PBXSourcesBuildPhase section */

/* Begin PBXTargetDependency section */
		6F69AA621BCC8C1F0092A7C8 /* PBXTargetDependency */ = {
			isa = PBXTargetDependency;
			target = 6F69AA4B1BCC8C1F0092A7C8 /* self_promotion_2 */;
			targetProxy = 6F69AA611BCC8C1F0092A7C8 /* PBXContainerItemProxy */;
		};
		6F69AA6D1BCC8C1F0092A7C8 /* PBXTargetDependency */ = {
			isa = PBXTargetDependency;
			target = 6F69AA4B1BCC8C1F0092A7C8 /* self_promotion_2 */;
			targetProxy = 6F69AA6C1BCC8C1F0092A7C8 /* PBXContainerItemProxy */;
		};
/* End PBXTargetDependency section */

/* Begin PBXVariantGroup section */
		6F69AA531BCC8C1F0092A7C8 /* Main.storyboard */ = {
			isa = PBXVariantGroup;
			children = (
				6F69AA541BCC8C1F0092A7C8 /* Base */,
			);
			name = Main.storyboard;
			sourceTree = "<group>";
		};
		6F69AA581BCC8C1F0092A7C8 /* LaunchScreen.storyboard */ = {
			isa = PBXVariantGroup;
			children = (
				6F69AA591BCC8C1F0092A7C8 /* Base */,
			);
			name = LaunchScreen.storyboard;
			sourceTree = "<group>";
		};
/* End PBXVariantGroup section */

/* Begin XCBuildConfiguration section */
		6F69AA721BCC8C1F0092A7C8 /* Debug */ = {
			isa = XCBuildConfiguration;
			buildSettings = {
				ALWAYS_SEARCH_USER_PATHS = NO;
				CLANG_CXX_LANGUAGE_STANDARD = "gnu++0x";
				CLANG_CXX_LIBRARY = "libc++";
				CLANG_ENABLE_MODULES = YES;
				CLANG_ENABLE_OBJC_ARC = YES;
				CLANG_WARN_BOOL_CONVERSION = YES;
				CLANG_WARN_CONSTANT_CONVERSION = YES;
				CLANG_WARN_DIRECT_OBJC_ISA_USAGE = YES_ERROR;
				CLANG_WARN_EMPTY_BODY = YES;
				CLANG_WARN_ENUM_CONVERSION = YES;
				CLANG_WARN_INT_CONVERSION = YES;
				CLANG_WARN_OBJC_ROOT_CLASS = YES_ERROR;
				CLANG_WARN_UNREACHABLE_CODE = YES;
				CLANG_WARN__DUPLICATE_METHOD_MATCH = YES;
				"CODE_SIGN_IDENTITY[sdk=iphoneos*]" = "iPhone Developer";
				COPY_PHASE_STRIP = NO;
				DEBUG_INFORMATION_FORMAT = dwarf;
				ENABLE_STRICT_OBJC_MSGSEND = YES;
				ENABLE_TESTABILITY = YES;
				GCC_C_LANGUAGE_STANDARD = gnu99;
				GCC_DYNAMIC_NO_PIC = NO;
				GCC_NO_COMMON_BLOCKS = YES;
				GCC_OPTIMIZATION_LEVEL = 0;
				GCC_PREPROCESSOR_DEFINITIONS = (
					"DEBUG=1",
					"$(inherited)",
				);
				GCC_WARN_64_TO_32_BIT_CONVERSION = YES;
				GCC_WARN_ABOUT_RETURN_TYPE = YES_ERROR;
				GCC_WARN_UNDECLARED_SELECTOR = YES;
				GCC_WARN_UNINITIALIZED_AUTOS = YES_AGGRESSIVE;
				GCC_WARN_UNUSED_FUNCTION = YES;
				GCC_WARN_UNUSED_VARIABLE = YES;
				IPHONEOS_DEPLOYMENT_TARGET = 9.0;
				MTL_ENABLE_DEBUG_INFO = YES;
				ONLY_ACTIVE_ARCH = YES;
				SDKROOT = iphoneos;
				SWIFT_OPTIMIZATION_LEVEL = "-Onone";
				TARGETED_DEVICE_FAMILY = 2;
			};
			name = Debug;
		};
		6F69AA731BCC8C1F0092A7C8 /* Release */ = {
			isa = XCBuildConfiguration;
			buildSettings = {
				ALWAYS_SEARCH_USER_PATHS = NO;
				CLANG_CXX_LANGUAGE_STANDARD = "gnu++0x";
				CLANG_CXX_LIBRARY = "libc++";
				CLANG_ENABLE_MODULES = YES;
				CLANG_ENABLE_OBJC_ARC = YES;
				CLANG_WARN_BOOL_CONVERSION = YES;
				CLANG_WARN_CONSTANT_CONVERSION = YES;
				CLANG_WARN_DIRECT_OBJC_ISA_USAGE = YES_ERROR;
				CLANG_WARN_EMPTY_BODY = YES;
				CLANG_WARN_ENUM_CONVERSION = YES;
				CLANG_WARN_INT_CONVERSION = YES;
				CLANG_WARN_OBJC_ROOT_CLASS = YES_ERROR;
				CLANG_WARN_UNREACHABLE_CODE = YES;
				CLANG_WARN__DUPLICATE_METHOD_MATCH = YES;
				"CODE_SIGN_IDENTITY[sdk=iphoneos*]" = "iPhone Developer";
				COPY_PHASE_STRIP = NO;
				DEBUG_INFORMATION_FORMAT = "dwarf-with-dsym";
				ENABLE_NS_ASSERTIONS = NO;
				ENABLE_STRICT_OBJC_MSGSEND = YES;
				GCC_C_LANGUAGE_STANDARD = gnu99;
				GCC_NO_COMMON_BLOCKS = YES;
				GCC_WARN_64_TO_32_BIT_CONVERSION = YES;
				GCC_WARN_ABOUT_RETURN_TYPE = YES_ERROR;
				GCC_WARN_UNDECLARED_SELECTOR = YES;
				GCC_WARN_UNINITIALIZED_AUTOS = YES_AGGRESSIVE;
				GCC_WARN_UNUSED_FUNCTION = YES;
				GCC_WARN_UNUSED_VARIABLE = YES;
				IPHONEOS_DEPLOYMENT_TARGET = 9.0;
				MTL_ENABLE_DEBUG_INFO = NO;
				SDKROOT = iphoneos;
				TARGETED_DEVICE_FAMILY = 2;
				VALIDATE_PRODUCT = YES;
			};
			name = Release;
		};
		6F69AA751BCC8C1F0092A7C8 /* Debug */ = {
			isa = XCBuildConfiguration;
			baseConfigurationReference = BC544291F3E7175180085BA2 /* Pods.debug.xcconfig */;
			buildSettings = {
				ASSETCATALOG_COMPILER_APPICON_NAME = AppIcon;
				INFOPLIST_FILE = self_promotion_2/Info.plist;
				LD_RUNPATH_SEARCH_PATHS = "$(inherited) @executable_path/Frameworks";
				PRODUCT_BUNDLE_IDENTIFIER = "myApp.self-promotion-2";
				PRODUCT_NAME = "$(TARGET_NAME)";
			};
			name = Debug;
		};
		6F69AA761BCC8C1F0092A7C8 /* Release */ = {
			isa = XCBuildConfiguration;
			baseConfigurationReference = E45950C16A1D803FE001A33C /* Pods.release.xcconfig */;
			buildSettings = {
				ASSETCATALOG_COMPILER_APPICON_NAME = AppIcon;
				INFOPLIST_FILE = self_promotion_2/Info.plist;
				LD_RUNPATH_SEARCH_PATHS = "$(inherited) @executable_path/Frameworks";
				PRODUCT_BUNDLE_IDENTIFIER = "myApp.self-promotion-2";
				PRODUCT_NAME = "$(TARGET_NAME)";
			};
			name = Release;
		};
		6F69AA781BCC8C1F0092A7C8 /* Debug */ = {
			isa = XCBuildConfiguration;
			buildSettings = {
				BUNDLE_LOADER = "$(TEST_HOST)";
				INFOPLIST_FILE = self_promotion_2Tests/Info.plist;
				LD_RUNPATH_SEARCH_PATHS = "$(inherited) @executable_path/Frameworks @loader_path/Frameworks";
				PRODUCT_BUNDLE_IDENTIFIER = "myApp.self-promotion-2Tests";
				PRODUCT_NAME = "$(TARGET_NAME)";
				TEST_HOST = "$(BUILT_PRODUCTS_DIR)/self_promotion_2.app/self_promotion_2";
			};
			name = Debug;
		};
		6F69AA791BCC8C1F0092A7C8 /* Release */ = {
			isa = XCBuildConfiguration;
			buildSettings = {
				BUNDLE_LOADER = "$(TEST_HOST)";
				INFOPLIST_FILE = self_promotion_2Tests/Info.plist;
				LD_RUNPATH_SEARCH_PATHS = "$(inherited) @executable_path/Frameworks @loader_path/Frameworks";
				PRODUCT_BUNDLE_IDENTIFIER = "myApp.self-promotion-2Tests";
				PRODUCT_NAME = "$(TARGET_NAME)";
				TEST_HOST = "$(BUILT_PRODUCTS_DIR)/self_promotion_2.app/self_promotion_2";
			};
			name = Release;
		};
		6F69AA7B1BCC8C1F0092A7C8 /* Debug */ = {
			isa = XCBuildConfiguration;
			buildSettings = {
				INFOPLIST_FILE = self_promotion_2UITests/Info.plist;
				LD_RUNPATH_SEARCH_PATHS = "$(inherited) @executable_path/Frameworks @loader_path/Frameworks";
				PRODUCT_BUNDLE_IDENTIFIER = "myApp.self-promotion-2UITests";
				PRODUCT_NAME = "$(TARGET_NAME)";
				TEST_TARGET_NAME = self_promotion_2;
				USES_XCTRUNNER = YES;
			};
			name = Debug;
		};
		6F69AA7C1BCC8C1F0092A7C8 /* Release */ = {
			isa = XCBuildConfiguration;
			buildSettings = {
				INFOPLIST_FILE = self_promotion_2UITests/Info.plist;
				LD_RUNPATH_SEARCH_PATHS = "$(inherited) @executable_path/Frameworks @loader_path/Frameworks";
				PRODUCT_BUNDLE_IDENTIFIER = "myApp.self-promotion-2UITests";
				PRODUCT_NAME = "$(TARGET_NAME)";
				TEST_TARGET_NAME = self_promotion_2;
				USES_XCTRUNNER = YES;
			};
			name = Release;
		};
/* End XCBuildConfiguration section */

/* Begin XCConfigurationList section */
		6F69AA471BCC8C1F0092A7C8 /* Build configuration list for PBXProject "self_promotion_2" */ = {
			isa = XCConfigurationList;
			buildConfigurations = (
				6F69AA721BCC8C1F0092A7C8 /* Debug */,
				6F69AA731BCC8C1F0092A7C8 /* Release */,
			);
			defaultConfigurationIsVisible = 0;
			defaultConfigurationName = Release;
		};
		6F69AA741BCC8C1F0092A7C8 /* Build configuration list for PBXNativeTarget "self_promotion_2" */ = {
			isa = XCConfigurationList;
			buildConfigurations = (
				6F69AA751BCC8C1F0092A7C8 /* Debug */,
				6F69AA761BCC8C1F0092A7C8 /* Release */,
			);
			defaultConfigurationIsVisible = 0;
			defaultConfigurationName = Release;
		};
		6F69AA771BCC8C1F0092A7C8 /* Build configuration list for PBXNativeTarget "self_promotion_2Tests" */ = {
			isa = XCConfigurationList;
			buildConfigurations = (
				6F69AA781BCC8C1F0092A7C8 /* Debug */,
				6F69AA791BCC8C1F0092A7C8 /* Release */,
			);
			defaultConfigurationIsVisible = 0;
			defaultConfigurationName = Release;
		};
		6F69AA7A1BCC8C1F0092A7C8 /* Build configuration list for PBXNativeTarget "self_promotion_2UITests" */ = {
			isa = XCConfigurationList;
			buildConfigurations = (
				6F69AA7B1BCC8C1F0092A7C8 /* Debug */,
				6F69AA7C1BCC8C1F0092A7C8 /* Release */,
			);
			defaultConfigurationIsVisible = 0;
			defaultConfigurationName = Release;
		};
/* End XCConfigurationList section */
	};
	rootObject = 6F69AA441BCC8C1F0092A7C8 /* Project object */;
}
